// !$*UTF8*$!
{
	archiveVersion = 1;
	classes = {
	};
	objectVersion = 48;
	objects = {

/* Begin PBXBuildFile section */
		631BC5DC1FE4744000F07C34 /* Checklist.swift in Sources */ = {isa = PBXBuildFile; fileRef = 631BC5DB1FE4744000F07C34 /* Checklist.swift */; };
		631BC5DE1FE4805400F07C34 /* ListDetailViewController.swift in Sources */ = {isa = PBXBuildFile; fileRef = 631BC5DD1FE4805400F07C34 /* ListDetailViewController.swift */; };
		631BC5E01FE9FD9400F07C34 /* DataModel.swift in Sources */ = {isa = PBXBuildFile; fileRef = 631BC5DF1FE9FD9400F07C34 /* DataModel.swift */; };
		632096981FDE14280091CD0D /* AppDelegate.swift in Sources */ = {isa = PBXBuildFile; fileRef = 632096971FDE14280091CD0D /* AppDelegate.swift */; };
		6320969A1FDE14280091CD0D /* ChecklistViewController.swift in Sources */ = {isa = PBXBuildFile; fileRef = 632096991FDE14280091CD0D /* ChecklistViewController.swift */; };
		6320969D1FDE14280091CD0D /* Main.storyboard in Resources */ = {isa = PBXBuildFile; fileRef = 6320969B1FDE14280091CD0D /* Main.storyboard */; };
		6320969F1FDE14280091CD0D /* Assets.xcassets in Resources */ = {isa = PBXBuildFile; fileRef = 6320969E1FDE14280091CD0D /* Assets.xcassets */; };
		632096A21FDE14280091CD0D /* LaunchScreen.storyboard in Resources */ = {isa = PBXBuildFile; fileRef = 632096A01FDE14280091CD0D /* LaunchScreen.storyboard */; };
		632096AA1FDE331A0091CD0D /* ChecklistItem.swift in Sources */ = {isa = PBXBuildFile; fileRef = 632096A91FDE331A0091CD0D /* ChecklistItem.swift */; };
		632096AC1FDF163C0091CD0D /* ItemDetailViewController.swift in Sources */ = {isa = PBXBuildFile; fileRef = 632096AB1FDF163C0091CD0D /* ItemDetailViewController.swift */; };
		632096AE1FE305280091CD0D /* AllListsViewController.swift in Sources */ = {isa = PBXBuildFile; fileRef = 632096AD1FE305280091CD0D /* AllListsViewController.swift */; };
/* End PBXBuildFile section */

/* Begin PBXFileReference section */
		631BC5DB1FE4744000F07C34 /* Checklist.swift */ = {isa = PBXFileReference; lastKnownFileType = sourcecode.swift; path = Checklist.swift; sourceTree = "<group>"; };
		631BC5DD1FE4805400F07C34 /* ListDetailViewController.swift */ = {isa = PBXFileReference; lastKnownFileType = sourcecode.swift; path = ListDetailViewController.swift; sourceTree = "<group>"; };
		631BC5DF1FE9FD9400F07C34 /* DataModel.swift */ = {isa = PBXFileReference; lastKnownFileType = sourcecode.swift; path = DataModel.swift; sourceTree = "<group>"; };
		632096941FDE14280091CD0D /* Checklists.app */ = {isa = PBXFileReference; explicitFileType = wrapper.application; includeInIndex = 0; path = Checklists.app; sourceTree = BUILT_PRODUCTS_DIR; };
		632096971FDE14280091CD0D /* AppDelegate.swift */ = {isa = PBXFileReference; lastKnownFileType = sourcecode.swift; path = AppDelegate.swift; sourceTree = "<group>"; };
		632096991FDE14280091CD0D /* ChecklistViewController.swift */ = {isa = PBXFileReference; lastKnownFileType = sourcecode.swift; path = ChecklistViewController.swift; sourceTree = "<group>"; };
		6320969C1FDE14280091CD0D /* Base */ = {isa = PBXFileReference; lastKnownFileType = file.storyboard; name = Base; path = Base.lproj/Main.storyboard; sourceTree = "<group>"; };
		6320969E1FDE14280091CD0D /* Assets.xcassets */ = {isa = PBXFileReference; lastKnownFileType = folder.assetcatalog; path = Assets.xcassets; sourceTree = "<group>"; };
		632096A11FDE14280091CD0D /* Base */ = {isa = PBXFileReference; lastKnownFileType = file.storyboard; name = Base; path = Base.lproj/LaunchScreen.storyboard; sourceTree = "<group>"; };
		632096A31FDE14280091CD0D /* Info.plist */ = {isa = PBXFileReference; lastKnownFileType = text.plist.xml; path = Info.plist; sourceTree = "<group>"; };
		632096A91FDE331A0091CD0D /* ChecklistItem.swift */ = {isa = PBXFileReference; lastKnownFileType = sourcecode.swift; path = ChecklistItem.swift; sourceTree = "<group>"; };
		632096AB1FDF163C0091CD0D /* ItemDetailViewController.swift */ = {isa = PBXFileReference; lastKnownFileType = sourcecode.swift; path = ItemDetailViewController.swift; sourceTree = "<group>"; };
		632096AD1FE305280091CD0D /* AllListsViewController.swift */ = {isa = PBXFileReference; lastKnownFileType = sourcecode.swift; path = AllListsViewController.swift; sourceTree = "<group>"; };
/* End PBXFileReference section */

/* Begin PBXFrameworksBuildPhase section */
		632096911FDE14280091CD0D /* Frameworks */ = {
			isa = PBXFrameworksBuildPhase;
			buildActionMask = 2147483647;
			files = (
			);
			runOnlyForDeploymentPostprocessing = 0;
		};
/* End PBXFrameworksBuildPhase section */

/* Begin PBXGroup section */
		631BC5E11FEB525C00F07C34 /* Resources */ = {
			isa = PBXGroup;
			children = (
				6320969E1FDE14280091CD0D /* Assets.xcassets */,
				632096A01FDE14280091CD0D /* LaunchScreen.storyboard */,
				6320969B1FDE14280091CD0D /* Main.storyboard */,
			);
			path = Resources;
			sourceTree = "<group>";
		};
		631BC5E21FEB526600F07C34 /* View Controllers */ = {
			isa = PBXGroup;
			children = (
				632096AD1FE305280091CD0D /* AllListsViewController.swift */,
				632096991FDE14280091CD0D /* ChecklistViewController.swift */,
				632096AB1FDF163C0091CD0D /* ItemDetailViewController.swift */,
				631BC5DD1FE4805400F07C34 /* ListDetailViewController.swift */,
			);
			path = "View Controllers";
			sourceTree = "<group>";
		};
		631BC5E31FEB526F00F07C34 /* Data Models */ = {
			isa = PBXGroup;
			children = (
			);
			path = "Data Models";
			sourceTree = "<group>";
		};
		6320968B1FDE14280091CD0D = {
			isa = PBXGroup;
			children = (
				632096961FDE14280091CD0D /* Checklists */,
				632096951FDE14280091CD0D /* Products */,
			);
			sourceTree = "<group>";
		};
		632096951FDE14280091CD0D /* Products */ = {
			isa = PBXGroup;
			children = (
				632096941FDE14280091CD0D /* Checklists.app */,
			);
			name = Products;
			sourceTree = "<group>";
		};
		632096961FDE14280091CD0D /* Checklists */ = {
			isa = PBXGroup;
			children = (
				631BC5E31FEB526F00F07C34 /* Data Models */,
				631BC5DB1FE4744000F07C34 /* Checklist.swift */,
				632096A91FDE331A0091CD0D /* ChecklistItem.swift */,
				631BC5DF1FE9FD9400F07C34 /* DataModel.swift */,
				631BC5E21FEB526600F07C34 /* View Controllers */,
				631BC5E11FEB525C00F07C34 /* Resources */,
				632096971FDE14280091CD0D /* AppDelegate.swift */,
				632096A31FDE14280091CD0D /* Info.plist */,
			);
			path = Checklists;
			sourceTree = "<group>";
		};
/* End PBXGroup section */

/* Begin PBXNativeTarget section */
		632096931FDE14280091CD0D /* Checklists */ = {
			isa = PBXNativeTarget;
			buildConfigurationList = 632096A61FDE14280091CD0D /* Build configuration list for PBXNativeTarget "Checklists" */;
			buildPhases = (
				632096901FDE14280091CD0D /* Sources */,
				632096911FDE14280091CD0D /* Frameworks */,
				632096921FDE14280091CD0D /* Resources */,
			);
			buildRules = (
			);
			dependencies = (
			);
			name = Checklists;
			productName = Checklists;
			productReference = 632096941FDE14280091CD0D /* Checklists.app */;
			productType = "com.apple.product-type.application";
		};
/* End PBXNativeTarget section */

/* Begin PBXProject section */
		6320968C1FDE14280091CD0D /* Project object */ = {
			isa = PBXProject;
			attributes = {
				LastSwiftUpdateCheck = 0920;
				LastUpgradeCheck = 0920;
				ORGANIZATIONNAME = "Chad Williams";
				TargetAttributes = {
					632096931FDE14280091CD0D = {
						CreatedOnToolsVersion = 9.2;
						ProvisioningStyle = Automatic;
					};
				};
			};
			buildConfigurationList = 6320968F1FDE14280091CD0D /* Build configuration list for PBXProject "Checklists" */;
			compatibilityVersion = "Xcode 8.0";
			developmentRegion = en;
			hasScannedForEncodings = 0;
			knownRegions = (
				en,
				Base,
			);
			mainGroup = 6320968B1FDE14280091CD0D;
			productRefGroup = 632096951FDE14280091CD0D /* Products */;
			projectDirPath = "";
			projectRoot = "";
			targets = (
				632096931FDE14280091CD0D /* Checklists */,
			);
		};
/* End PBXProject section */

/* Begin PBXResourcesBuildPhase section */
		632096921FDE14280091CD0D /* Resources */ = {
			isa = PBXResourcesBuildPhase;
			buildActionMask = 2147483647;
			files = (
				632096A21FDE14280091CD0D /* LaunchScreen.storyboard in Resources */,
				6320969F1FDE14280091CD0D /* Assets.xcassets in Resources */,
				6320969D1FDE14280091CD0D /* Main.storyboard in Resources */,
			);
			runOnlyForDeploymentPostprocessing = 0;
		};
/* End PBXResourcesBuildPhase section */

/* Begin PBXSourcesBuildPhase section */
		632096901FDE14280091CD0D /* Sources */ = {
			isa = PBXSourcesBuildPhase;
			buildActionMask = 2147483647;
			files = (
				632096AC1FDF163C0091CD0D /* ItemDetailViewController.swift in Sources */,
				631BC5DE1FE4805400F07C34 /* ListDetailViewController.swift in Sources */,
				6320969A1FDE14280091CD0D /* ChecklistViewController.swift in Sources */,
				631BC5DC1FE4744000F07C34 /* Checklist.swift in Sources */,
				632096AA1FDE331A0091CD0D /* ChecklistItem.swift in Sources */,
				631BC5E01FE9FD9400F07C34 /* DataModel.swift in Sources */,
				632096AE1FE305280091CD0D /* AllListsViewController.swift in Sources */,
				632096981FDE14280091CD0D /* AppDelegate.swift in Sources */,
			);
			runOnlyForDeploymentPostprocessing = 0;
		};
/* End PBXSourcesBuildPhase section */

/* Begin PBXVariantGroup section */
		6320969B1FDE14280091CD0D /* Main.storyboard */ = {
			isa = PBXVariantGroup;
			children = (
				6320969C1FDE14280091CD0D /* Base */,
			);
			name = Main.storyboard;
			sourceTree = "<group>";
		};
		632096A01FDE14280091CD0D /* LaunchScreen.storyboard */ = {
			isa = PBXVariantGroup;
			children = (
				632096A11FDE14280091CD0D /* Base */,
			);
			name = LaunchScreen.storyboard;
			sourceTree = "<group>";
		};
/* End PBXVariantGroup section */

/* Begin XCBuildConfiguration section */
		632096A41FDE14280091CD0D /* Debug */ = {
			isa = XCBuildConfiguration;
			buildSettings = {
				ALWAYS_SEARCH_USER_PATHS = NO;
				CLANG_ANALYZER_NONNULL = YES;
				CLANG_ANALYZER_NUMBER_OBJECT_CONVERSION = YES_AGGRESSIVE;
				CLANG_CXX_LANGUAGE_STANDARD = "gnu++14";
				CLANG_CXX_LIBRARY = "libc++";
				CLANG_ENABLE_MODULES = YES;
				CLANG_ENABLE_OBJC_ARC = YES;
				CLANG_WARN_BLOCK_CAPTURE_AUTORELEASING = YES;
				CLANG_WARN_BOOL_CONVERSION = YES;
				CLANG_WARN_COMMA = YES;
				CLANG_WARN_CONSTANT_CONVERSION = YES;
				CLANG_WARN_DIRECT_OBJC_ISA_USAGE = YES_ERROR;
				CLANG_WARN_DOCUMENTATION_COMMENTS = YES;
				CLANG_WARN_EMPTY_BODY = YES;
				CLANG_WARN_ENUM_CONVERSION = YES;
				CLANG_WARN_INFINITE_RECURSION = YES;
				CLANG_WARN_INT_CONVERSION = YES;
				CLANG_WARN_NON_LITERAL_NULL_CONVERSION = YES;
				CLANG_WARN_OBJC_LITERAL_CONVERSION = YES;
				CLANG_WARN_OBJC_ROOT_CLASS = YES_ERROR;
				CLANG_WARN_RANGE_LOOP_ANALYSIS = YES;
				CLANG_WARN_STRICT_PROTOTYPES = YES;
				CLANG_WARN_SUSPICIOUS_MOVE = YES;
				CLANG_WARN_UNGUARDED_AVAILABILITY = YES_AGGRESSIVE;
				CLANG_WARN_UNREACHABLE_CODE = YES;
				CLANG_WARN__DUPLICATE_METHOD_MATCH = YES;
				CODE_SIGN_IDENTITY = "iPhone Developer";
				COPY_PHASE_STRIP = NO;
				DEBUG_INFORMATION_FORMAT = dwarf;
				ENABLE_STRICT_OBJC_MSGSEND = YES;
				ENABLE_TESTABILITY = YES;
				GCC_C_LANGUAGE_STANDARD = gnu11;
				GCC_DYNAMIC_NO_PIC = NO;
				GCC_NO_COMMON_BLOCKS = YES;
				GCC_OPTIMIZATION_LEVEL = 0;
				GCC_PREPROCESSOR_DEFINITIONS = (
					"DEBUG=1",
					"$(inherited)",
				);
				GCC_WARN_64_TO_32_BIT_CONVERSION = YES;
				GCC_WARN_ABOUT_RETURN_TYPE = YES_ERROR;
				GCC_WARN_UNDECLARED_SELECTOR = YES;
				GCC_WARN_UNINITIALIZED_AUTOS = YES_AGGRESSIVE;
				GCC_WARN_UNUSED_FUNCTION = YES;
				GCC_WARN_UNUSED_VARIABLE = YES;
				IPHONEOS_DEPLOYMENT_TARGET = 11.2;
				MTL_ENABLE_DEBUG_INFO = YES;
				ONLY_ACTIVE_ARCH = YES;
				SDKROOT = iphoneos;
				SWIFT_ACTIVE_COMPILATION_CONDITIONS = DEBUG;
				SWIFT_OPTIMIZATION_LEVEL = "-Onone";
			};
			name = Debug;
		};
		632096A51FDE14280091CD0D /* Release */ = {
			isa = XCBuildConfiguration;
			buildSettings = {
				ALWAYS_SEARCH_USER_PATHS = NO;
				CLANG_ANALYZER_NONNULL = YES;
				CLANG_ANALYZER_NUMBER_OBJECT_CONVERSION = YES_AGGRESSIVE;
				CLANG_CXX_LANGUAGE_STANDARD = "gnu++14";
				CLANG_CXX_LIBRARY = "libc++";
				CLANG_ENABLE_MODULES = YES;
				CLANG_ENABLE_OBJC_ARC = YES;
				CLANG_WARN_BLOCK_CAPTURE_AUTORELEASING = YES;
				CLANG_WARN_BOOL_CONVERSION = YES;
				CLANG_WARN_COMMA = YES;
				CLANG_WARN_CONSTANT_CONVERSION = YES;
				CLANG_WARN_DIRECT_OBJC_ISA_USAGE = YES_ERROR;
				CLANG_WARN_DOCUMENTATION_COMMENTS = YES;
				CLANG_WARN_EMPTY_BODY = YES;
				CLANG_WARN_ENUM_CONVERSION = YES;
				CLANG_WARN_INFINITE_RECURSION = YES;
				CLANG_WARN_INT_CONVERSION = YES;
				CLANG_WARN_NON_LITERAL_NULL_CONVERSION = YES;
				CLANG_WARN_OBJC_LITERAL_CONVERSION = YES;
				CLANG_WARN_OBJC_ROOT_CLASS = YES_ERROR;
				CLANG_WARN_RANGE_LOOP_ANALYSIS = YES;
				CLANG_WARN_STRICT_PROTOTYPES = YES;
				CLANG_WARN_SUSPICIOUS_MOVE = YES;
				CLANG_WARN_UNGUARDED_AVAILABILITY = YES_AGGRESSIVE;
				CLANG_WARN_UNREACHABLE_CODE = YES;
				CLANG_WARN__DUPLICATE_METHOD_MATCH = YES;
				CODE_SIGN_IDENTITY = "iPhone Developer";
				COPY_PHASE_STRIP = NO;
				DEBUG_INFORMATION_FORMAT = "dwarf-with-dsym";
				ENABLE_NS_ASSERTIONS = NO;
				ENABLE_STRICT_OBJC_MSGSEND = YES;
				GCC_C_LANGUAGE_STANDARD = gnu11;
				GCC_NO_COMMON_BLOCKS = YES;
				GCC_WARN_64_TO_32_BIT_CONVERSION = YES;
				GCC_WARN_ABOUT_RETURN_TYPE = YES_ERROR;
				GCC_WARN_UNDECLARED_SELECTOR = YES;
				GCC_WARN_UNINITIALIZED_AUTOS = YES_AGGRESSIVE;
				GCC_WARN_UNUSED_FUNCTION = YES;
				GCC_WARN_UNUSED_VARIABLE = YES;
				IPHONEOS_DEPLOYMENT_TARGET = 11.2;
				MTL_ENABLE_DEBUG_INFO = NO;
				SDKROOT = iphoneos;
				SWIFT_OPTIMIZATION_LEVEL = "-Owholemodule";
				VALIDATE_PRODUCT = YES;
			};
			name = Release;
		};
		632096A71FDE14280091CD0D /* Debug */ = {
			isa = XCBuildConfiguration;
			buildSettings = {
				ASSETCATALOG_COMPILER_APPICON_NAME = AppIcon;
				CODE_SIGN_STYLE = Automatic;
				DEVELOPMENT_TEAM = USX5JPN9EV;
				INFOPLIST_FILE = Checklists/Info.plist;
				LD_RUNPATH_SEARCH_PATHS = "$(inherited) @executable_path/Frameworks";
				PRODUCT_BUNDLE_IDENTIFIER = com.voidarray.Checklists;
				PRODUCT_NAME = "$(TARGET_NAME)";
				SWIFT_VERSION = 4.0;
				TARGETED_DEVICE_FAMILY = "1,2";
			};
			name = Debug;
		};
		632096A81FDE14280091CD0D /* Release */ = {
			isa = XCBuildConfiguration;
			buildSettings = {
				ASSETCATALOG_COMPILER_APPICON_NAME = AppIcon;
				CODE_SIGN_STYLE = Automatic;
				DEVELOPMENT_TEAM = USX5JPN9EV;
				INFOPLIST_FILE = Checklists/Info.plist;
				LD_RUNPATH_SEARCH_PATHS = "$(inherited) @executable_path/Frameworks";
				PRODUCT_BUNDLE_IDENTIFIER = com.voidarray.Checklists;
				PRODUCT_NAME = "$(TARGET_NAME)";
				SWIFT_VERSION = 4.0;
				TARGETED_DEVICE_FAMILY = "1,2";
			};
			name = Release;
		};
/* End XCBuildConfiguration section */

/* Begin XCConfigurationList section */
		6320968F1FDE14280091CD0D /* Build configuration list for PBXProject "Checklists" */ = {
			isa = XCConfigurationList;
			buildConfigurations = (
				632096A41FDE14280091CD0D /* Debug */,
				632096A51FDE14280091CD0D /* Release */,
			);
			defaultConfigurationIsVisible = 0;
			defaultConfigurationName = Release;
		};
		632096A61FDE14280091CD0D /* Build configuration list for PBXNativeTarget "Checklists" */ = {
			isa = XCConfigurationList;
			buildConfigurations = (
				632096A71FDE14280091CD0D /* Debug */,
				632096A81FDE14280091CD0D /* Release */,
			);
			defaultConfigurationIsVisible = 0;
			defaultConfigurationName = Release;
		};
/* End XCConfigurationList section */
	};
	rootObject = 6320968C1FDE14280091CD0D /* Project object */;
}
